<?xml version="1.0" encoding="utf-8"?>
<Project ToolsVersion="4.0" xmlns="http://schemas.microsoft.com/developer/msbuild/2003">
  <ItemGroup>
    <Filter Include="Pliki źródłowe">
      <UniqueIdentifier>{4FC737F1-C7A5-4376-A066-2A32D752A2FF}</UniqueIdentifier>
      <Extensions>cpp;c;cc;cxx;c++;cppm;ixx;def;odl;idl;hpj;bat;asm;asmx</Extensions>
    </Filter>
    <Filter Include="Pliki nagłówkowe">
      <UniqueIdentifier>{93995380-89BD-4b04-88EB-625FBE52EBFB}</UniqueIdentifier>
      <Extensions>h;hh;hpp;hxx;h++;hm;inl;inc;ipp;xsd</Extensions>
    </Filter>
    <Filter Include="States">
      <UniqueIdentifier>{5ee2c2b1-ae7f-4044-81cd-f54c4a2074e4}</UniqueIdentifier>
    </Filter>
    <Filter Include="GUI">
      <UniqueIdentifier>{20513fea-ca85-4fc8-bb21-80cd86e4189f}</UniqueIdentifier>
    </Filter>
    <Filter Include="Entities">
      <UniqueIdentifier>{fee73ea4-cd3a-48f6-871f-5eb85393d805}</UniqueIdentifier>
    </Filter>
    <Filter Include="Math">
      <UniqueIdentifier>{956e4d28-73c2-4aa9-b2f8-131adb7d2826}</UniqueIdentifier>
    </Filter>
    <Filter Include="Game">
      <UniqueIdentifier>{8141c0d3-b104-4f87-b114-da9fc65fc700}</UniqueIdentifier>
    </Filter>
    <Filter Include="Tiles">
      <UniqueIdentifier>{4273c7cc-5fec-473d-bcbb-eb99d6125e08}</UniqueIdentifier>
    </Filter>
    <Filter Include="Audio">
      <UniqueIdentifier>{69ca86f2-c4fb-495b-92c5-15b3fd980e54}</UniqueIdentifier>
    </Filter>
  </ItemGroup>
  <ItemGroup>
    <ClCompile Include="Drop.cpp">
      <Filter>Pliki źródłowe</Filter>
    </ClCompile>
    <ClCompile Include="State.cpp">
      <Filter>States</Filter>
    </ClCompile>
    <ClCompile Include="GameState.cpp">
      <Filter>States</Filter>
    </ClCompile>
    <ClCompile Include="MainMenuState.cpp">
      <Filter>States</Filter>
    </ClCompile>
    <ClCompile Include="SettingsState.cpp">
      <Filter>States</Filter>
    </ClCompile>
    <ClCompile Include="Gui.cpp">
      <Filter>GUI</Filter>
    </ClCompile>
    <ClCompile Include="PlayerGUI.cpp">
      <Filter>GUI</Filter>
    </ClCompile>
    <ClCompile Include="Entity.cpp">
      <Filter>Entities</Filter>
    </ClCompile>
    <ClCompile Include="Player.cpp">
      <Filter>Entities</Filter>
    </ClCompile>
    <ClCompile Include="Monster.cpp">
      <Filter>Entities</Filter>
    </ClCompile>
    <ClCompile Include="FloatingText.cpp">
      <Filter>Pliki źródłowe</Filter>
    </ClCompile>
    <ClCompile Include="Projectile.cpp">
      <Filter>Pliki źródłowe</Filter>
    </ClCompile>
    <ClCompile Include="Functions.cpp">
      <Filter>Math</Filter>
    </ClCompile>
    <ClCompile Include="Random.cpp">
      <Filter>Math</Filter>
    </ClCompile>
    <ClCompile Include="Game.cpp">
      <Filter>Game</Filter>
    </ClCompile>
    <ClCompile Include="main.cpp">
      <Filter>Game</Filter>
    </ClCompile>
    <ClCompile Include="GameSettings.cpp">
      <Filter>Game</Filter>
    </ClCompile>
    <ClCompile Include="SoundEffect.cpp">
      <Filter>Audio</Filter>
    </ClCompile>
    <ClCompile Include="SoundEngine.cpp">
      <Filter>Audio</Filter>
    </ClCompile>
    <ClCompile Include="stdafx.cpp">
      <Filter>Pliki źródłowe</Filter>
    </ClCompile>
    <ClCompile Include="FloatingTextSystem.cpp">
      <Filter>Pliki źródłowe</Filter>
    </ClCompile>
    <ClCompile Include="DropSystem.cpp">
      <Filter>Pliki źródłowe</Filter>
    </ClCompile>
    <ClCompile Include="Tile.cpp">
      <Filter>Tiles</Filter>
    </ClCompile>
    <ClCompile Include="TileMap.cpp">
      <Filter>Tiles</Filter>
    </ClCompile>
    <ClCompile Include="MusicEngine.cpp">
      <Filter>Audio</Filter>
    </ClCompile>
  </ItemGroup>
  <ItemGroup>
    <ClInclude Include="Drop.h">
      <Filter>Pliki nagłówkowe</Filter>
    </ClInclude>
    <ClInclude Include="State.h">
      <Filter>States</Filter>
    </ClInclude>
    <ClInclude Include="GameState.h">
      <Filter>States</Filter>
    </ClInclude>
    <ClInclude Include="MainMenuState.h">
      <Filter>States</Filter>
    </ClInclude>
    <ClInclude Include="SettingsState.h">
      <Filter>States</Filter>
    </ClInclude>
    <ClInclude Include="Gui.h">
      <Filter>GUI</Filter>
    </ClInclude>
    <ClInclude Include="PlayerGUI.h">
      <Filter>GUI</Filter>
    </ClInclude>
    <ClInclude Include="Entity.h">
      <Filter>Entities</Filter>
    </ClInclude>
    <ClInclude Include="Player.h">
      <Filter>Entities</Filter>
    </ClInclude>
    <ClInclude Include="Monster.h">
      <Filter>Entities</Filter>
    </ClInclude>
    <ClInclude Include="FloatingText.h">
      <Filter>Pliki nagłówkowe</Filter>
    </ClInclude>
    <ClInclude Include="Projectile.h">
      <Filter>Pliki nagłówkowe</Filter>
    </ClInclude>
    <ClInclude Include="Functions.h">
      <Filter>Math</Filter>
    </ClInclude>
    <ClInclude Include="Random.h">
      <Filter>Math</Filter>
    </ClInclude>
    <ClInclude Include="Game.h">
      <Filter>Game</Filter>
    </ClInclude>
    <ClInclude Include="GameSettings.h">
      <Filter>Game</Filter>
    </ClInclude>
    <ClInclude Include="SoundEffect.h">
      <Filter>Audio</Filter>
    </ClInclude>
    <ClInclude Include="SoundEngine.h">
      <Filter>Audio</Filter>
    </ClInclude>
    <ClInclude Include="stdafx.h">
      <Filter>Pliki nagłówkowe</Filter>
    </ClInclude>
    <ClInclude Include="FloatingTextSystem.h">
      <Filter>Pliki nagłówkowe</Filter>
    </ClInclude>
    <ClInclude Include="DropSystem.h">
      <Filter>Pliki nagłówkowe</Filter>
    </ClInclude>
    <ClInclude Include="Tile.h">
      <Filter>Tiles</Filter>
    </ClInclude>
    <ClInclude Include="TileMap.h">
      <Filter>Tiles</Filter>
    </ClInclude>
    <ClInclude Include="MusicEngine.h">
      <Filter>Audio</Filter>
    </ClInclude>
  </ItemGroup>
</Project>